
Microsoft Visual Studio Solution File, Format Version 12.00
# Visual Studio Version 17
VisualStudioVersion = 17.1.32210.238
MinimumVisualStudioVersion = 10.0.40219.1
Project("{FAE04EC0-301F-11D3-BF4B-00C04F79EFBC}") = "EjemploTarea", "EjemploTarea\EjemploTarea.csproj", "{16382DF6-1671-4F1F-BB4D-9FF087D955F3}"
EndProject
Global
	GlobalSection(SolutionConfigurationPlatforms) = preSolution
		Debug|Any CPU = Debug|Any CPU
		Release|Any CPU = Release|Any CPU
	EndGlobalSection
	GlobalSection(ProjectConfigurationPlatforms) = postSolution
		{16382DF6-1671-4F1F-BB4D-9FF087D955F3}.Debug|Any CPU.ActiveCfg = Debug|Any CPU
		{16382DF6-1671-4F1F-BB4D-9FF087D955F3}.Debug|Any CPU.Build.0 = Debug|Any CPU
		{16382DF6-1671-4F1F-BB4D-9FF087D955F3}.Release|Any CPU.ActiveCfg = Release|Any CPU
		{16382DF6-1671-4F1F-BB4D-9FF087D955F3}.Release|Any CPU.Build.0 = Release|Any CPU
	EndGlobalSection
	GlobalSection(SolutionProperties) = preSolution
		HideSolutionNode = FALSE
	EndGlobalSection
	GlobalSection(ExtensibilityGlobals) = postSolution
		SolutionGuid = {DC2A27B9-7B16-4F95-93B4-DD53A8A59058}
	EndGlobalSection
EndGlobal
